uuid: caf1a499-ccf1-4d70-b66d-59d1ab1c65bc
langcode: en
status: true
dependencies:
  module:
    - lhss
  theme:
    - bartik
id: bartik_worldmapblock
theme: bartik
region: header
weight: 0
provider: null
plugin: world_map_block
settings:
  id: world_map_block
  label: 'World Map Block'
  provider: lhss
  label_display: '0'
visibility: {  }
